
Microsoft Visual Studio Solution File, Format Version 12.00
# Visual Studio Version 17
VisualStudioVersion = 17.5.33516.290
MinimumVisualStudioVersion = 10.0.40219.1
Project("{2150E333-8FDC-42A3-9474-1A3956D46DE8}") = "src", "src", "{6C520809-78C9-4B1F-9B9E-AB39D0C22D6C}"
EndProject
Project("{2150E333-8FDC-42A3-9474-1A3956D46DE8}") = "Infraestructure", "Infraestructure", "{210137D9-FFA0-4ACF-A77A-3F33C91C2C93}"
EndProject
Project("{2150E333-8FDC-42A3-9474-1A3956D46DE8}") = "Presentation", "Presentation", "{7CF98881-F82A-4BF5-BF8F-F09899803031}"
EndProject
Project("{2150E333-8FDC-42A3-9474-1A3956D46DE8}") = "Core", "Core", "{C5424B21-2147-4F80-A54F-E7D1CED923BC}"
EndProject
Project("{FAE04EC0-301F-11D3-BF4B-00C04F79EFBC}") = "Domain", "Domain\Domain.csproj", "{04A347EC-917B-4BBE-9BB7-15F62DFB7A61}"
EndProject
Project("{FAE04EC0-301F-11D3-BF4B-00C04F79EFBC}") = "Application", "Application\Application.csproj", "{4104C893-394F-4E4F-B710-C24A26413523}"
EndProject
Project("{FAE04EC0-301F-11D3-BF4B-00C04F79EFBC}") = "Persistence", "Persistence\Persistence.csproj", "{27F42653-5B23-49FF-A11B-522F040D1194}"
EndProject
Project("{FAE04EC0-301F-11D3-BF4B-00C04F79EFBC}") = "Shared", "Shared\Shared.csproj", "{0299590D-D1D8-42B6-9C7D-6F0592166E43}"
EndProject
Project("{FAE04EC0-301F-11D3-BF4B-00C04F79EFBC}") = "QuestionWebApi", "QuestionWebApi\QuestionWebApi.csproj", "{03A70CA8-7C21-43D0-A6D6-CA1576AF2910}"
EndProject
Project("{9A19103F-16F7-4668-BE54-9A1E7A4F7556}") = "Atos.Core", "..\Shared\Atos.Core\src\Atos.Core\Atos.Core.csproj", "{B62DCADE-EE59-4361-BC82-607B38652F36}"
EndProject
Project("{FAE04EC0-301F-11D3-BF4B-00C04F79EFBC}") = "QuestionService.Controllers", "QuesitonServiceControllers\QuestionService.Controllers.csproj", "{49A7E647-FF33-4278-9654-EDA20C1F511E}"
EndProject
Global
	GlobalSection(SolutionConfigurationPlatforms) = preSolution
		Debug|Any CPU = Debug|Any CPU
		Release|Any CPU = Release|Any CPU
	EndGlobalSection
	GlobalSection(ProjectConfigurationPlatforms) = postSolution
		{04A347EC-917B-4BBE-9BB7-15F62DFB7A61}.Debug|Any CPU.ActiveCfg = Debug|Any CPU
		{04A347EC-917B-4BBE-9BB7-15F62DFB7A61}.Debug|Any CPU.Build.0 = Debug|Any CPU
		{04A347EC-917B-4BBE-9BB7-15F62DFB7A61}.Release|Any CPU.ActiveCfg = Release|Any CPU
		{04A347EC-917B-4BBE-9BB7-15F62DFB7A61}.Release|Any CPU.Build.0 = Release|Any CPU
		{4104C893-394F-4E4F-B710-C24A26413523}.Debug|Any CPU.ActiveCfg = Debug|Any CPU
		{4104C893-394F-4E4F-B710-C24A26413523}.Debug|Any CPU.Build.0 = Debug|Any CPU
		{4104C893-394F-4E4F-B710-C24A26413523}.Release|Any CPU.ActiveCfg = Release|Any CPU
		{4104C893-394F-4E4F-B710-C24A26413523}.Release|Any CPU.Build.0 = Release|Any CPU
		{27F42653-5B23-49FF-A11B-522F040D1194}.Debug|Any CPU.ActiveCfg = Debug|Any CPU
		{27F42653-5B23-49FF-A11B-522F040D1194}.Debug|Any CPU.Build.0 = Debug|Any CPU
		{27F42653-5B23-49FF-A11B-522F040D1194}.Release|Any CPU.ActiveCfg = Release|Any CPU
		{27F42653-5B23-49FF-A11B-522F040D1194}.Release|Any CPU.Build.0 = Release|Any CPU
		{0299590D-D1D8-42B6-9C7D-6F0592166E43}.Debug|Any CPU.ActiveCfg = Debug|Any CPU
		{0299590D-D1D8-42B6-9C7D-6F0592166E43}.Debug|Any CPU.Build.0 = Debug|Any CPU
		{0299590D-D1D8-42B6-9C7D-6F0592166E43}.Release|Any CPU.ActiveCfg = Release|Any CPU
		{0299590D-D1D8-42B6-9C7D-6F0592166E43}.Release|Any CPU.Build.0 = Release|Any CPU
		{03A70CA8-7C21-43D0-A6D6-CA1576AF2910}.Debug|Any CPU.ActiveCfg = Debug|Any CPU
		{03A70CA8-7C21-43D0-A6D6-CA1576AF2910}.Debug|Any CPU.Build.0 = Debug|Any CPU
		{03A70CA8-7C21-43D0-A6D6-CA1576AF2910}.Release|Any CPU.ActiveCfg = Release|Any CPU
		{03A70CA8-7C21-43D0-A6D6-CA1576AF2910}.Release|Any CPU.Build.0 = Release|Any CPU
		{B62DCADE-EE59-4361-BC82-607B38652F36}.Debug|Any CPU.ActiveCfg = Debug|Any CPU
		{B62DCADE-EE59-4361-BC82-607B38652F36}.Debug|Any CPU.Build.0 = Debug|Any CPU
		{B62DCADE-EE59-4361-BC82-607B38652F36}.Release|Any CPU.ActiveCfg = Release|Any CPU
		{B62DCADE-EE59-4361-BC82-607B38652F36}.Release|Any CPU.Build.0 = Release|Any CPU
		{49A7E647-FF33-4278-9654-EDA20C1F511E}.Debug|Any CPU.ActiveCfg = Debug|Any CPU
		{49A7E647-FF33-4278-9654-EDA20C1F511E}.Debug|Any CPU.Build.0 = Debug|Any CPU
		{49A7E647-FF33-4278-9654-EDA20C1F511E}.Release|Any CPU.ActiveCfg = Release|Any CPU
		{49A7E647-FF33-4278-9654-EDA20C1F511E}.Release|Any CPU.Build.0 = Release|Any CPU
	EndGlobalSection
	GlobalSection(SolutionProperties) = preSolution
		HideSolutionNode = FALSE
	EndGlobalSection
	GlobalSection(NestedProjects) = preSolution
		{210137D9-FFA0-4ACF-A77A-3F33C91C2C93} = {6C520809-78C9-4B1F-9B9E-AB39D0C22D6C}
		{7CF98881-F82A-4BF5-BF8F-F09899803031} = {6C520809-78C9-4B1F-9B9E-AB39D0C22D6C}
		{C5424B21-2147-4F80-A54F-E7D1CED923BC} = {6C520809-78C9-4B1F-9B9E-AB39D0C22D6C}
		{04A347EC-917B-4BBE-9BB7-15F62DFB7A61} = {C5424B21-2147-4F80-A54F-E7D1CED923BC}
		{4104C893-394F-4E4F-B710-C24A26413523} = {C5424B21-2147-4F80-A54F-E7D1CED923BC}
		{27F42653-5B23-49FF-A11B-522F040D1194} = {210137D9-FFA0-4ACF-A77A-3F33C91C2C93}
		{0299590D-D1D8-42B6-9C7D-6F0592166E43} = {210137D9-FFA0-4ACF-A77A-3F33C91C2C93}
		{03A70CA8-7C21-43D0-A6D6-CA1576AF2910} = {7CF98881-F82A-4BF5-BF8F-F09899803031}
		{49A7E647-FF33-4278-9654-EDA20C1F511E} = {7CF98881-F82A-4BF5-BF8F-F09899803031}
	EndGlobalSection
	GlobalSection(ExtensibilityGlobals) = postSolution
		SolutionGuid = {5ECA6A2D-8299-4DDA-BD20-69ACA0D91945}
	EndGlobalSection
EndGlobal
